<?xml version="1.0" encoding="utf-8"?>
<Project ToolsVersion="4.0" xmlns="http://schemas.microsoft.com/developer/msbuild/2003">
  <ItemGroup>
    <Filter Include="Source Files">
      <UniqueIdentifier>{4FC737F1-C7A5-4376-A066-2A32D752A2FF}</UniqueIdentifier>
      <Extensions>cpp;c;cc;cxx;c++;cppm;ixx;def;odl;idl;hpj;bat;asm;asmx</Extensions>
    </Filter>
    <Filter Include="Header Files">
      <UniqueIdentifier>{93995380-89BD-4b04-88EB-625FBE52EBFB}</UniqueIdentifier>
      <Extensions>h;hh;hpp;hxx;h++;hm;inl;inc;ipp;xsd</Extensions>
    </Filter>
    <Filter Include="Resource Files">
      <UniqueIdentifier>{67DA6AB6-F800-4c08-8B7A-83BB121AAD01}</UniqueIdentifier>
      <Extensions>rc;ico;cur;bmp;dlg;rc2;rct;bin;rgs;gif;jpg;jpeg;jpe;resx;tiff;tif;png;wav;mfcribbon-ms</Extensions>
    </Filter>
  </ItemGroup>
  <ItemGroup>
    <ClCompile Include="Principal.cpp">
      <Filter>Source Files</Filter>
    </ClCompile>
    <ClCompile Include="Especialidad.cpp">
      <Filter>Source Files</Filter>
    </ClCompile>
    <ClCompile Include="Doctor.cpp">
      <Filter>Source Files</Filter>
    </ClCompile>
    <ClCompile Include="ColeccionEspecialidades.cpp">
      <Filter>Source Files</Filter>
    </ClCompile>
    <ClCompile Include="InterfazDeUsuario.cpp">
      <Filter>Source Files</Filter>
    </ClCompile>
    <ClCompile Include="ColeccionDoctores.cpp">
      <Filter>Source Files</Filter>
    </ClCompile>
    <ClCompile Include="Duenio.cpp">
      <Filter>Source Files</Filter>
    </ClCompile>
    <ClCompile Include="ColeccionDuenios.cpp">
      <Filter>Source Files</Filter>
    </ClCompile>
    <ClCompile Include="Mascota.cpp">
      <Filter>Source Files</Filter>
    </ClCompile>
    <ClCompile Include="ColeccionMascotas.cpp">
      <Filter>Source Files</Filter>
    </ClCompile>
    <ClCompile Include="Hora.cpp">
      <Filter>Source Files</Filter>
    </ClCompile>
    <ClCompile Include="ColeccionHoras.cpp">
      <Filter>Source Files</Filter>
    </ClCompile>
    <ClCompile Include="Dia.cpp">
      <Filter>Source Files</Filter>
    </ClCompile>
    <ClCompile Include="ColeccionDias.cpp">
      <Filter>Source Files</Filter>
    </ClCompile>
    <ClCompile Include="Cita.cpp">
      <Filter>Source Files</Filter>
    </ClCompile>
    <ClCompile Include="ColeccionCita.cpp">
      <Filter>Source Files</Filter>
    </ClCompile>
  </ItemGroup>
  <ItemGroup>
    <ClInclude Include="Especialidad.h">
      <Filter>Header Files</Filter>
    </ClInclude>
    <ClInclude Include="Doctor.h">
      <Filter>Header Files</Filter>
    </ClInclude>
    <ClInclude Include="ColeccionEspecialidades.h">
      <Filter>Header Files</Filter>
    </ClInclude>
    <ClInclude Include="InterfazDeUsuario.h">
      <Filter>Header Files</Filter>
    </ClInclude>
    <ClInclude Include="ColeccionDoctores.h">
      <Filter>Header Files</Filter>
    </ClInclude>
    <ClInclude Include="Duenio.h">
      <Filter>Header Files</Filter>
    </ClInclude>
    <ClInclude Include="ColeccionDuenios.h">
      <Filter>Header Files</Filter>
    </ClInclude>
    <ClInclude Include="Mascota.h">
      <Filter>Header Files</Filter>
    </ClInclude>
    <ClInclude Include="ColeccionMascotas.h">
      <Filter>Header Files</Filter>
    </ClInclude>
    <ClInclude Include="Hora.h">
      <Filter>Header Files</Filter>
    </ClInclude>
    <ClInclude Include="ColeccionHoras.h">
      <Filter>Header Files</Filter>
    </ClInclude>
    <ClInclude Include="Dia.h">
      <Filter>Header Files</Filter>
    </ClInclude>
    <ClInclude Include="ColeccionDias.h">
      <Filter>Header Files</Filter>
    </ClInclude>
    <ClInclude Include="Cita.h">
      <Filter>Header Files</Filter>
    </ClInclude>
    <ClInclude Include="ColeccionCita.h">
      <Filter>Header Files</Filter>
    </ClInclude>
  </ItemGroup>
</Project>